
Microsoft Visual Studio Solution File, Format Version 12.00
Project("{FAE04EC0-301F-11D3-BF4B-00C04F79EFBC}") = "LabTracker.Infrastructure", "LabTracker.Infrastructure\LabTracker.Infrastructure.csproj", "{FE613BCA-0172-4CCE-9073-3EBE2472DF70}"
EndProject
Project("{FAE04EC0-301F-11D3-BF4B-00C04F79EFBC}") = "LabTracker.Auth", "LabTracker.Auth\LabTracker.Auth.csproj", "{D6C41580-F9F2-4FB7-B403-C2F42972AA41}"
EndProject
Project("{FAE04EC0-301F-11D3-BF4B-00C04F79EFBC}") = "LabTracker.Courses", "LabTracker.Courses\LabTracker.Courses.csproj", "{905660E6-09F8-4166-85B9-27AF800AD1E3}"
EndProject
Project("{FAE04EC0-301F-11D3-BF4B-00C04F79EFBC}") = "LabTracker.Users", "LabTracker.Users\LabTracker.Users.csproj", "{51B34EC1-2C79-4A68-AF1E-DC8C141056A3}"
EndProject
Project("{FAE04EC0-301F-11D3-BF4B-00C04F79EFBC}") = "LabTracker.Labs", "LabTracker.Labs\LabTracker.Labs.csproj", "{1F7584D1-5F8A-45C9-892B-B37C66950BEE}"
EndProject
Project("{FAE04EC0-301F-11D3-BF4B-00C04F79EFBC}") = "LabTracker.Notifications", "LabTracker.Notifications\LabTracker.Notifications.csproj", "{F2E487F6-D35A-4033-98AA-97E3663DAF78}"
EndProject
Project("{FAE04EC0-301F-11D3-BF4B-00C04F79EFBC}") = "LabTracker.Slots", "LabTracker.Slots\LabTracker.Slots.csproj", "{3358C57E-4E8C-4010-BCFB-55DB3796B63D}"
EndProject
Project("{FAE04EC0-301F-11D3-BF4B-00C04F79EFBC}") = "LabTracker.Shared", "LabTracker.Shared\LabTracker.Shared.csproj", "{EE4A4668-ED05-49B1-BDEE-127BE602614A}"
EndProject
Project("{FAE04EC0-301F-11D3-BF4B-00C04F79EFBC}") = "LabTracker.App", "LabTracker.App\LabTracker.App.csproj", "{CEA06098-DA8A-4093-97E2-F6D33541A0ED}"
EndProject
Project("{FAE04EC0-301F-11D3-BF4B-00C04F79EFBC}") = "LabTracker.Users.Domain", "LabTracker.Users.Domain\LabTracker.Users.Domain.csproj", "{7BDC6B84-E1D1-4467-9A88-8BB91F54B3CC}"
EndProject
Project("{FAE04EC0-301F-11D3-BF4B-00C04F79EFBC}") = "LabTracker.Shared.Contracts", "LabTracker.Shared.Contracts\LabTracker.Shared.Contracts.csproj", "{75C47293-DBEA-4D2F-BD83-D14A1BC23E06}"
EndProject
Project("{FAE04EC0-301F-11D3-BF4B-00C04F79EFBC}") = "LabTracker.Users.Abstractions", "LabTracker.Users.Abstractions\LabTracker.Users.Abstractions.csproj", "{8CF353DF-7653-4C2D-9492-A7F3C11716C4}"
EndProject
Project("{FAE04EC0-301F-11D3-BF4B-00C04F79EFBC}") = "LabTracker.Courses.Domain", "LabTracker.Courses.Domain\LabTracker.Courses.Domain.csproj", "{CFAC1794-27A0-4A8D-8C7F-52765BC86B2D}"
EndProject
Project("{FAE04EC0-301F-11D3-BF4B-00C04F79EFBC}") = "LabTracker.Courses.Abstractions", "LabTracker.Courses.Abstractions\LabTracker.Courses.Abstractions.csproj", "{5D96A248-EDFE-4D5D-BE66-BF995AE1D449}"
EndProject
Project("{FAE04EC0-301F-11D3-BF4B-00C04F79EFBC}") = "LabTracker.CourseMembers", "LabTracker.CourseMembers\LabTracker.CourseMembers.csproj", "{69F6972F-DBD3-42FF-8ADC-E8FEF6607810}"
EndProject
Project("{FAE04EC0-301F-11D3-BF4B-00C04F79EFBC}") = "LabTracker.CourseMembers.Domain", "LabTracker.CourseMembers.Domain\LabTracker.CourseMembers.Domain.csproj", "{8AC28979-9E9A-4734-A122-6D5A7534811E}"
EndProject
Project("{FAE04EC0-301F-11D3-BF4B-00C04F79EFBC}") = "LabTracker.Submissions.Domain", "LabTracker.Submissions.Domain\LabTracker.Submissions.Domain.csproj", "{4ACB1204-C9D0-48E9-86A5-A583EE83CE79}"
EndProject
Project("{FAE04EC0-301F-11D3-BF4B-00C04F79EFBC}") = "LabTracker.Submissions", "LabTracker.Submissions\LabTracker.Submissions.csproj", "{6E716691-8BB3-42B3-BCD9-6392B8C70FB3}"
EndProject
Project("{FAE04EC0-301F-11D3-BF4B-00C04F79EFBC}") = "LabTracker.Submissions.Abstractions", "LabTracker.Submissions.Abstractions\LabTracker.Submissions.Abstractions.csproj", "{1AA56AF2-FDB5-4CCA-B3CC-FA2A4E9834D9}"
EndProject
Project("{FAE04EC0-301F-11D3-BF4B-00C04F79EFBC}") = "LabTracker.Slots.Domain", "LabTracker.Slots.Domain\LabTracker.Slots.Domain.csproj", "{E8DF8024-E140-45BA-9CFF-A1FF5BEAB1FD}"
EndProject
Project("{FAE04EC0-301F-11D3-BF4B-00C04F79EFBC}") = "LabTracker.Slots.Abstractions", "LabTracker.Slots.Abstractions\LabTracker.Slots.Abstractions.csproj", "{3F38511D-1E82-469C-9C15-76896E198419}"
EndProject
Project("{FAE04EC0-301F-11D3-BF4B-00C04F79EFBC}") = "LabTracker.Labs.Domain", "LabTracker.Labs.Domain\LabTracker.Labs.Domain.csproj", "{17215447-4FAC-4F54-A1CF-0FAA7CB3580B}"
EndProject
Project("{FAE04EC0-301F-11D3-BF4B-00C04F79EFBC}") = "LabTracker.Labs.Abstractions", "LabTracker.Labs.Abstractions\LabTracker.Labs.Abstractions.csproj", "{07DDBA9A-44C0-4019-BB30-40F74C1348D7}"
EndProject
Project("{FAE04EC0-301F-11D3-BF4B-00C04F79EFBC}") = "LabTracker.Notifications.Domain", "LabTracker.Notifications.Domain\LabTracker.Notifications.Domain.csproj", "{7EB98C60-51B3-45B0-B79F-A6F66A86C3D1}"
EndProject
Project("{FAE04EC0-301F-11D3-BF4B-00C04F79EFBC}") = "LabTracker.Notifications.Abstractions", "LabTracker.Notifications.Abstractions\LabTracker.Notifications.Abstractions.csproj", "{BF29C92D-21F1-46C9-9573-24CF5C2F0AB0}"
EndProject
Project("{FAE04EC0-301F-11D3-BF4B-00C04F79EFBC}") = "LabTracker.Auth.Abstractions", "LabTracker.Auth.Abstractions\LabTracker.Auth.Abstractions.csproj", "{151DEA38-D70E-4BA2-862F-2184C08D8690}"
EndProject
Project("{FAE04EC0-301F-11D3-BF4B-00C04F79EFBC}") = "LabTracker.CourseMembers.Abstractions", "LabTracker.CourseMembers.Abstractions\LabTracker.CourseMembers.Abstractions.csproj", "{623129A7-04C9-49A6-9E3D-B14C7D280C14}"
EndProject
Global
	GlobalSection(SolutionConfigurationPlatforms) = preSolution
		Debug|Any CPU = Debug|Any CPU
		Release|Any CPU = Release|Any CPU
	EndGlobalSection
	GlobalSection(ProjectConfigurationPlatforms) = postSolution
		{FE613BCA-0172-4CCE-9073-3EBE2472DF70}.Debug|Any CPU.ActiveCfg = Debug|Any CPU
		{FE613BCA-0172-4CCE-9073-3EBE2472DF70}.Debug|Any CPU.Build.0 = Debug|Any CPU
		{FE613BCA-0172-4CCE-9073-3EBE2472DF70}.Release|Any CPU.ActiveCfg = Release|Any CPU
		{FE613BCA-0172-4CCE-9073-3EBE2472DF70}.Release|Any CPU.Build.0 = Release|Any CPU
		{D6C41580-F9F2-4FB7-B403-C2F42972AA41}.Debug|Any CPU.ActiveCfg = Debug|Any CPU
		{D6C41580-F9F2-4FB7-B403-C2F42972AA41}.Debug|Any CPU.Build.0 = Debug|Any CPU
		{D6C41580-F9F2-4FB7-B403-C2F42972AA41}.Release|Any CPU.ActiveCfg = Release|Any CPU
		{D6C41580-F9F2-4FB7-B403-C2F42972AA41}.Release|Any CPU.Build.0 = Release|Any CPU
		{905660E6-09F8-4166-85B9-27AF800AD1E3}.Debug|Any CPU.ActiveCfg = Debug|Any CPU
		{905660E6-09F8-4166-85B9-27AF800AD1E3}.Debug|Any CPU.Build.0 = Debug|Any CPU
		{905660E6-09F8-4166-85B9-27AF800AD1E3}.Release|Any CPU.ActiveCfg = Release|Any CPU
		{905660E6-09F8-4166-85B9-27AF800AD1E3}.Release|Any CPU.Build.0 = Release|Any CPU
		{51B34EC1-2C79-4A68-AF1E-DC8C141056A3}.Debug|Any CPU.ActiveCfg = Debug|Any CPU
		{51B34EC1-2C79-4A68-AF1E-DC8C141056A3}.Debug|Any CPU.Build.0 = Debug|Any CPU
		{51B34EC1-2C79-4A68-AF1E-DC8C141056A3}.Release|Any CPU.ActiveCfg = Release|Any CPU
		{51B34EC1-2C79-4A68-AF1E-DC8C141056A3}.Release|Any CPU.Build.0 = Release|Any CPU
		{1F7584D1-5F8A-45C9-892B-B37C66950BEE}.Debug|Any CPU.ActiveCfg = Debug|Any CPU
		{1F7584D1-5F8A-45C9-892B-B37C66950BEE}.Debug|Any CPU.Build.0 = Debug|Any CPU
		{1F7584D1-5F8A-45C9-892B-B37C66950BEE}.Release|Any CPU.ActiveCfg = Release|Any CPU
		{1F7584D1-5F8A-45C9-892B-B37C66950BEE}.Release|Any CPU.Build.0 = Release|Any CPU
		{F2E487F6-D35A-4033-98AA-97E3663DAF78}.Debug|Any CPU.ActiveCfg = Debug|Any CPU
		{F2E487F6-D35A-4033-98AA-97E3663DAF78}.Debug|Any CPU.Build.0 = Debug|Any CPU
		{F2E487F6-D35A-4033-98AA-97E3663DAF78}.Release|Any CPU.ActiveCfg = Release|Any CPU
		{F2E487F6-D35A-4033-98AA-97E3663DAF78}.Release|Any CPU.Build.0 = Release|Any CPU
		{3358C57E-4E8C-4010-BCFB-55DB3796B63D}.Debug|Any CPU.ActiveCfg = Debug|Any CPU
		{3358C57E-4E8C-4010-BCFB-55DB3796B63D}.Debug|Any CPU.Build.0 = Debug|Any CPU
		{3358C57E-4E8C-4010-BCFB-55DB3796B63D}.Release|Any CPU.ActiveCfg = Release|Any CPU
		{3358C57E-4E8C-4010-BCFB-55DB3796B63D}.Release|Any CPU.Build.0 = Release|Any CPU
		{EE4A4668-ED05-49B1-BDEE-127BE602614A}.Debug|Any CPU.ActiveCfg = Debug|Any CPU
		{EE4A4668-ED05-49B1-BDEE-127BE602614A}.Debug|Any CPU.Build.0 = Debug|Any CPU
		{EE4A4668-ED05-49B1-BDEE-127BE602614A}.Release|Any CPU.ActiveCfg = Release|Any CPU
		{EE4A4668-ED05-49B1-BDEE-127BE602614A}.Release|Any CPU.Build.0 = Release|Any CPU
		{CEA06098-DA8A-4093-97E2-F6D33541A0ED}.Debug|Any CPU.ActiveCfg = Debug|Any CPU
		{CEA06098-DA8A-4093-97E2-F6D33541A0ED}.Debug|Any CPU.Build.0 = Debug|Any CPU
		{CEA06098-DA8A-4093-97E2-F6D33541A0ED}.Release|Any CPU.ActiveCfg = Release|Any CPU
		{CEA06098-DA8A-4093-97E2-F6D33541A0ED}.Release|Any CPU.Build.0 = Release|Any CPU
		{7BDC6B84-E1D1-4467-9A88-8BB91F54B3CC}.Debug|Any CPU.ActiveCfg = Debug|Any CPU
		{7BDC6B84-E1D1-4467-9A88-8BB91F54B3CC}.Debug|Any CPU.Build.0 = Debug|Any CPU
		{7BDC6B84-E1D1-4467-9A88-8BB91F54B3CC}.Release|Any CPU.ActiveCfg = Release|Any CPU
		{7BDC6B84-E1D1-4467-9A88-8BB91F54B3CC}.Release|Any CPU.Build.0 = Release|Any CPU
		{75C47293-DBEA-4D2F-BD83-D14A1BC23E06}.Debug|Any CPU.ActiveCfg = Debug|Any CPU
		{75C47293-DBEA-4D2F-BD83-D14A1BC23E06}.Debug|Any CPU.Build.0 = Debug|Any CPU
		{75C47293-DBEA-4D2F-BD83-D14A1BC23E06}.Release|Any CPU.ActiveCfg = Release|Any CPU
		{75C47293-DBEA-4D2F-BD83-D14A1BC23E06}.Release|Any CPU.Build.0 = Release|Any CPU
		{8CF353DF-7653-4C2D-9492-A7F3C11716C4}.Debug|Any CPU.ActiveCfg = Debug|Any CPU
		{8CF353DF-7653-4C2D-9492-A7F3C11716C4}.Debug|Any CPU.Build.0 = Debug|Any CPU
		{8CF353DF-7653-4C2D-9492-A7F3C11716C4}.Release|Any CPU.ActiveCfg = Release|Any CPU
		{8CF353DF-7653-4C2D-9492-A7F3C11716C4}.Release|Any CPU.Build.0 = Release|Any CPU
		{CFAC1794-27A0-4A8D-8C7F-52765BC86B2D}.Debug|Any CPU.ActiveCfg = Debug|Any CPU
		{CFAC1794-27A0-4A8D-8C7F-52765BC86B2D}.Debug|Any CPU.Build.0 = Debug|Any CPU
		{CFAC1794-27A0-4A8D-8C7F-52765BC86B2D}.Release|Any CPU.ActiveCfg = Release|Any CPU
		{CFAC1794-27A0-4A8D-8C7F-52765BC86B2D}.Release|Any CPU.Build.0 = Release|Any CPU
		{5D96A248-EDFE-4D5D-BE66-BF995AE1D449}.Debug|Any CPU.ActiveCfg = Debug|Any CPU
		{5D96A248-EDFE-4D5D-BE66-BF995AE1D449}.Debug|Any CPU.Build.0 = Debug|Any CPU
		{5D96A248-EDFE-4D5D-BE66-BF995AE1D449}.Release|Any CPU.ActiveCfg = Release|Any CPU
		{5D96A248-EDFE-4D5D-BE66-BF995AE1D449}.Release|Any CPU.Build.0 = Release|Any CPU
		{69F6972F-DBD3-42FF-8ADC-E8FEF6607810}.Debug|Any CPU.ActiveCfg = Debug|Any CPU
		{69F6972F-DBD3-42FF-8ADC-E8FEF6607810}.Debug|Any CPU.Build.0 = Debug|Any CPU
		{69F6972F-DBD3-42FF-8ADC-E8FEF6607810}.Release|Any CPU.ActiveCfg = Release|Any CPU
		{69F6972F-DBD3-42FF-8ADC-E8FEF6607810}.Release|Any CPU.Build.0 = Release|Any CPU
		{8AC28979-9E9A-4734-A122-6D5A7534811E}.Debug|Any CPU.ActiveCfg = Debug|Any CPU
		{8AC28979-9E9A-4734-A122-6D5A7534811E}.Debug|Any CPU.Build.0 = Debug|Any CPU
		{8AC28979-9E9A-4734-A122-6D5A7534811E}.Release|Any CPU.ActiveCfg = Release|Any CPU
		{8AC28979-9E9A-4734-A122-6D5A7534811E}.Release|Any CPU.Build.0 = Release|Any CPU
		{4ACB1204-C9D0-48E9-86A5-A583EE83CE79}.Debug|Any CPU.ActiveCfg = Debug|Any CPU
		{4ACB1204-C9D0-48E9-86A5-A583EE83CE79}.Debug|Any CPU.Build.0 = Debug|Any CPU
		{4ACB1204-C9D0-48E9-86A5-A583EE83CE79}.Release|Any CPU.ActiveCfg = Release|Any CPU
		{4ACB1204-C9D0-48E9-86A5-A583EE83CE79}.Release|Any CPU.Build.0 = Release|Any CPU
		{6E716691-8BB3-42B3-BCD9-6392B8C70FB3}.Debug|Any CPU.ActiveCfg = Debug|Any CPU
		{6E716691-8BB3-42B3-BCD9-6392B8C70FB3}.Debug|Any CPU.Build.0 = Debug|Any CPU
		{6E716691-8BB3-42B3-BCD9-6392B8C70FB3}.Release|Any CPU.ActiveCfg = Release|Any CPU
		{6E716691-8BB3-42B3-BCD9-6392B8C70FB3}.Release|Any CPU.Build.0 = Release|Any CPU
		{1AA56AF2-FDB5-4CCA-B3CC-FA2A4E9834D9}.Debug|Any CPU.ActiveCfg = Debug|Any CPU
		{1AA56AF2-FDB5-4CCA-B3CC-FA2A4E9834D9}.Debug|Any CPU.Build.0 = Debug|Any CPU
		{1AA56AF2-FDB5-4CCA-B3CC-FA2A4E9834D9}.Release|Any CPU.ActiveCfg = Release|Any CPU
		{1AA56AF2-FDB5-4CCA-B3CC-FA2A4E9834D9}.Release|Any CPU.Build.0 = Release|Any CPU
		{E8DF8024-E140-45BA-9CFF-A1FF5BEAB1FD}.Debug|Any CPU.ActiveCfg = Debug|Any CPU
		{E8DF8024-E140-45BA-9CFF-A1FF5BEAB1FD}.Debug|Any CPU.Build.0 = Debug|Any CPU
		{E8DF8024-E140-45BA-9CFF-A1FF5BEAB1FD}.Release|Any CPU.ActiveCfg = Release|Any CPU
		{E8DF8024-E140-45BA-9CFF-A1FF5BEAB1FD}.Release|Any CPU.Build.0 = Release|Any CPU
		{3F38511D-1E82-469C-9C15-76896E198419}.Debug|Any CPU.ActiveCfg = Debug|Any CPU
		{3F38511D-1E82-469C-9C15-76896E198419}.Debug|Any CPU.Build.0 = Debug|Any CPU
		{3F38511D-1E82-469C-9C15-76896E198419}.Release|Any CPU.ActiveCfg = Release|Any CPU
		{3F38511D-1E82-469C-9C15-76896E198419}.Release|Any CPU.Build.0 = Release|Any CPU
		{17215447-4FAC-4F54-A1CF-0FAA7CB3580B}.Debug|Any CPU.ActiveCfg = Debug|Any CPU
		{17215447-4FAC-4F54-A1CF-0FAA7CB3580B}.Debug|Any CPU.Build.0 = Debug|Any CPU
		{17215447-4FAC-4F54-A1CF-0FAA7CB3580B}.Release|Any CPU.ActiveCfg = Release|Any CPU
		{17215447-4FAC-4F54-A1CF-0FAA7CB3580B}.Release|Any CPU.Build.0 = Release|Any CPU
		{07DDBA9A-44C0-4019-BB30-40F74C1348D7}.Debug|Any CPU.ActiveCfg = Debug|Any CPU
		{07DDBA9A-44C0-4019-BB30-40F74C1348D7}.Debug|Any CPU.Build.0 = Debug|Any CPU
		{07DDBA9A-44C0-4019-BB30-40F74C1348D7}.Release|Any CPU.ActiveCfg = Release|Any CPU
		{07DDBA9A-44C0-4019-BB30-40F74C1348D7}.Release|Any CPU.Build.0 = Release|Any CPU
		{7EB98C60-51B3-45B0-B79F-A6F66A86C3D1}.Debug|Any CPU.ActiveCfg = Debug|Any CPU
		{7EB98C60-51B3-45B0-B79F-A6F66A86C3D1}.Debug|Any CPU.Build.0 = Debug|Any CPU
		{7EB98C60-51B3-45B0-B79F-A6F66A86C3D1}.Release|Any CPU.ActiveCfg = Release|Any CPU
		{7EB98C60-51B3-45B0-B79F-A6F66A86C3D1}.Release|Any CPU.Build.0 = Release|Any CPU
		{BF29C92D-21F1-46C9-9573-24CF5C2F0AB0}.Debug|Any CPU.ActiveCfg = Debug|Any CPU
		{BF29C92D-21F1-46C9-9573-24CF5C2F0AB0}.Debug|Any CPU.Build.0 = Debug|Any CPU
		{BF29C92D-21F1-46C9-9573-24CF5C2F0AB0}.Release|Any CPU.ActiveCfg = Release|Any CPU
		{BF29C92D-21F1-46C9-9573-24CF5C2F0AB0}.Release|Any CPU.Build.0 = Release|Any CPU
		{151DEA38-D70E-4BA2-862F-2184C08D8690}.Debug|Any CPU.ActiveCfg = Debug|Any CPU
		{151DEA38-D70E-4BA2-862F-2184C08D8690}.Debug|Any CPU.Build.0 = Debug|Any CPU
		{151DEA38-D70E-4BA2-862F-2184C08D8690}.Release|Any CPU.ActiveCfg = Release|Any CPU
		{151DEA38-D70E-4BA2-862F-2184C08D8690}.Release|Any CPU.Build.0 = Release|Any CPU
		{623129A7-04C9-49A6-9E3D-B14C7D280C14}.Debug|Any CPU.ActiveCfg = Debug|Any CPU
		{623129A7-04C9-49A6-9E3D-B14C7D280C14}.Debug|Any CPU.Build.0 = Debug|Any CPU
		{623129A7-04C9-49A6-9E3D-B14C7D280C14}.Release|Any CPU.ActiveCfg = Release|Any CPU
		{623129A7-04C9-49A6-9E3D-B14C7D280C14}.Release|Any CPU.Build.0 = Release|Any CPU
	EndGlobalSection
	GlobalSection(NestedProjects) = preSolution
	EndGlobalSection
EndGlobal
